<Solution>
  <Project Path="UserManagement.API/UserManagement.API.csproj" />
  <Project Path="UserManagement.Domain/UserManagement.Domain.csproj" />
  <Project Path="UserManagement.Infrastructure/UserManagement.Infrastructure.csproj" />
  <Project Path="UserManagement.Tests/UserManagement.Tests.csproj" />
  <Project Path="UserManagement.Web/UserManagement.Web.csproj" />
</Solution>
